PODS:
  - PEGKit (0.4.2)

DEPENDENCIES:
  - PEGKit (from `https://github.com/itod/pegkit.git`, commit `22ae4eb225`)

EXTERNAL SOURCES:
  PEGKit:
    :commit: 22ae4eb225
    :git: https://github.com/itod/pegkit.git

SPEC CHECKSUMS:
  PEGKit: 7b723b34b8ae22cbd26cc5c13fb40e42c541a585

COCOAPODS: 0.34.4
