// !$*UTF8*$!
{
	archiveVersion = 1;
	classes = {
	};
	objectVersion = 46;
	objects = {

/* Begin PBXBuildFile section */
		F81A89141A36AA10000F5A34 /* SimpleInput.ics in Resources */ = {isa = PBXBuildFile; fileRef = F81A89131A36AA10000F5A34 /* SimpleInput.ics */; };
		F821037B1A6AF3D10097BBFA /* LargeInput.ics in Resources */ = {isa = PBXBuildFile; fileRef = F821037A1A6AF3D10097BBFA /* LargeInput.ics */; };
		F82161E61A54A91800886131 /* BlankInput.ics in Resources */ = {isa = PBXBuildFile; fileRef = F82161E51A54A91800886131 /* BlankInput.ics */; };
		F82161E81A54C2C900886131 /* MoreInput.ics in Resources */ = {isa = PBXBuildFile; fileRef = F82161E71A54C2C900886131 /* MoreInput.ics */; };
		F82909B51A1C5ADA0091366E /* EasyInput.ics in Resources */ = {isa = PBXBuildFile; fileRef = F82909B41A1C5ADA0091366E /* EasyInput.ics */; };
		F83195D01A2EAE1A00377846 /* Alarm.swift in Sources */ = {isa = PBXBuildFile; fileRef = F83195B01A2EAE1A00377846 /* Alarm.swift */; };
		F83195D11A2EAE1A00377846 /* Localizable.strings in Resources */ = {isa = PBXBuildFile; fileRef = F83195B21A2EAE1A00377846 /* Localizable.strings */; };
		F83195D21A2EAE1A00377846 /* Attachment.swift in Sources */ = {isa = PBXBuildFile; fileRef = F83195B41A2EAE1A00377846 /* Attachment.swift */; };
		F83195D31A2EAE1A00377846 /* Calendar.swift in Sources */ = {isa = PBXBuildFile; fileRef = F83195B51A2EAE1A00377846 /* Calendar.swift */; };
		F83195D41A2EAE1A00377846 /* CalendarObject.swift in Sources */ = {isa = PBXBuildFile; fileRef = F83195B61A2EAE1A00377846 /* CalendarObject.swift */; };
		F83195D51A2EAE1A00377846 /* CalendarType.swift in Sources */ = {isa = PBXBuildFile; fileRef = F83195B71A2EAE1A00377846 /* CalendarType.swift */; };
		F83195D61A2EAE1A00377846 /* CalParser.h in Headers */ = {isa = PBXBuildFile; fileRef = F83195B81A2EAE1A00377846 /* CalParser.h */; settings = {ATTRIBUTES = (Public, ); }; };
		F83195D71A2EAE1A00377846 /* CalParser.m in Sources */ = {isa = PBXBuildFile; fileRef = F83195B91A2EAE1A00377846 /* CalParser.m */; };
		F83195D81A2EAE1A00377846 /* Extensions.swift in Sources */ = {isa = PBXBuildFile; fileRef = F83195BA1A2EAE1A00377846 /* Extensions.swift */; };
		F83195D91A2EAE1A00377846 /* iCal.grammar in Resources */ = {isa = PBXBuildFile; fileRef = F83195BB1A2EAE1A00377846 /* iCal.grammar */; };
		F83195DA1A2EAE1A00377846 /* iCalendarElements.h in Headers */ = {isa = PBXBuildFile; fileRef = F83195BC1A2EAE1A00377846 /* iCalendarElements.h */; settings = {ATTRIBUTES = (Public, ); }; };
		F83195DB1A2EAE1A00377846 /* iCalendarElements.m in Sources */ = {isa = PBXBuildFile; fileRef = F83195BD1A2EAE1A00377846 /* iCalendarElements.m */; };
		F83195DC1A2EAE1A00377846 /* iCalParser.h in Headers */ = {isa = PBXBuildFile; fileRef = F83195BE1A2EAE1A00377846 /* iCalParser.h */; settings = {ATTRIBUTES = (Public, ); }; };
		F83195DD1A2EAE1A00377846 /* iCalParser.m in Sources */ = {isa = PBXBuildFile; fileRef = F83195BF1A2EAE1A00377846 /* iCalParser.m */; settings = {COMPILER_FLAGS = "-w"; }; };
		F83195E01A2EAE1A00377846 /* libSwiftCal.h in Headers */ = {isa = PBXBuildFile; fileRef = F83195C51A2EAE1A00377846 /* libSwiftCal.h */; settings = {ATTRIBUTES = (Public, ); }; };
		F83195E11A2EAE1A00377846 /* NSString+CalParser.h in Headers */ = {isa = PBXBuildFile; fileRef = F83195C61A2EAE1A00377846 /* NSString+CalParser.h */; settings = {ATTRIBUTES = (Public, ); }; };
		F83195E21A2EAE1A00377846 /* NSString+CalParser.m in Sources */ = {isa = PBXBuildFile; fileRef = F83195C71A2EAE1A00377846 /* NSString+CalParser.m */; };
		F83195E31A2EAE1A00377846 /* Observable.swift in Sources */ = {isa = PBXBuildFile; fileRef = F83195C81A2EAE1A00377846 /* Observable.swift */; };
		F83195E41A2EAE1A00377846 /* Observer.swift in Sources */ = {isa = PBXBuildFile; fileRef = F83195C91A2EAE1A00377846 /* Observer.swift */; };
		F83195E51A2EAE1A00377846 /* Parameter.swift in Sources */ = {isa = PBXBuildFile; fileRef = F83195CA1A2EAE1A00377846 /* Parameter.swift */; };
		F83195E61A2EAE1A00377846 /* Properties.swift in Sources */ = {isa = PBXBuildFile; fileRef = F83195CB1A2EAE1A00377846 /* Properties.swift */; };
		F83195E71A2EAE1A00377846 /* RecurrenceDate.swift in Sources */ = {isa = PBXBuildFile; fileRef = F83195CC1A2EAE1A00377846 /* RecurrenceDate.swift */; };
		F83195E81A2EAE1A00377846 /* Reminder.swift in Sources */ = {isa = PBXBuildFile; fileRef = F83195CD1A2EAE1A00377846 /* Reminder.swift */; };
		F83195E91A2EAE1A00377846 /* RequestStatus.swift in Sources */ = {isa = PBXBuildFile; fileRef = F83195CE1A2EAE1A00377846 /* RequestStatus.swift */; };
		F83195EA1A2EAE1A00377846 /* Serializable.swift in Sources */ = {isa = PBXBuildFile; fileRef = F83195CF1A2EAE1A00377846 /* Serializable.swift */; };
		F83ACB631A2AD66600423215 /* EasyInput.json in Resources */ = {isa = PBXBuildFile; fileRef = F83ACB621A2AD66600423215 /* EasyInput.json */; };
		F8497B041A55A87C00AD592B /* AnotherInput.ics in Resources */ = {isa = PBXBuildFile; fileRef = F8497B031A55A87C00AD592B /* AnotherInput.ics */; };
		F858377B1A509A47003F7CCF /* Constants.swift in Sources */ = {isa = PBXBuildFile; fileRef = F858377A1A509A47003F7CCF /* Constants.swift */; };
		F86D9ADD1A45264C00428C68 /* PEGKit.framework in Frameworks */ = {isa = PBXBuildFile; fileRef = F88C9C651A3E294B00541E31 /* PEGKit.framework */; };
		F86D9ADE1A45264E00428C68 /* PEGKit.framework in CopyFiles */ = {isa = PBXBuildFile; fileRef = F88C9C651A3E294B00541E31 /* PEGKit.framework */; settings = {ATTRIBUTES = (CodeSignOnCopy, RemoveHeadersOnCopy, ); }; };
		F8857CD51A70A0DB000EC9A2 /* RecurInput.ics in Resources */ = {isa = PBXBuildFile; fileRef = F8857CD41A70A0DB000EC9A2 /* RecurInput.ics */; };
		F89877881A3BE8A5002F9322 /* JSON.swift in Sources */ = {isa = PBXBuildFile; fileRef = F89877871A3BE8A5002F9322 /* JSON.swift */; };
		F8F8EAF81A1C3EEE0046AF23 /* libSwiftCal.framework in Frameworks */ = {isa = PBXBuildFile; fileRef = F8F8EAEC1A1C3EEE0046AF23 /* libSwiftCal.framework */; };
		F8F8EED51A1C4CF30046AF23 /* libSwiftCalTests.swift in Sources */ = {isa = PBXBuildFile; fileRef = F8F8ECE61A1C3F200046AF23 /* libSwiftCalTests.swift */; };
		F8FC991E1A59A130005B4036 /* LongInput.ics in Resources */ = {isa = PBXBuildFile; fileRef = F8FC991D1A59A130005B4036 /* LongInput.ics */; };
/* End PBXBuildFile section */

/* Begin PBXContainerItemProxy section */
		F8F8EAF91A1C3EEE0046AF23 /* PBXContainerItemProxy */ = {
			isa = PBXContainerItemProxy;
			containerPortal = F8F8EAE31A1C3EEE0046AF23 /* Project object */;
			proxyType = 1;
			remoteGlobalIDString = F8F8EAEB1A1C3EEE0046AF23;
			remoteInfo = libSwiftCal;
		};
/* End PBXContainerItemProxy section */

/* Begin PBXCopyFilesBuildPhase section */
		F8F8EED61A1C4DD90046AF23 /* CopyFiles */ = {
			isa = PBXCopyFilesBuildPhase;
			buildActionMask = 12;
			dstPath = "";
			dstSubfolderSpec = 10;
			files = (
				F86D9ADE1A45264E00428C68 /* PEGKit.framework in CopyFiles */,
			);
			runOnlyForDeploymentPostprocessing = 0;
		};
/* End PBXCopyFilesBuildPhase section */

/* Begin PBXFileReference section */
		F81A89131A36AA10000F5A34 /* SimpleInput.ics */ = {isa = PBXFileReference; fileEncoding = 4; lastKnownFileType = text; path = SimpleInput.ics; sourceTree = "<group>"; };
		F821037A1A6AF3D10097BBFA /* LargeInput.ics */ = {isa = PBXFileReference; fileEncoding = 4; lastKnownFileType = text; path = LargeInput.ics; sourceTree = "<group>"; };
		F82161E51A54A91800886131 /* BlankInput.ics */ = {isa = PBXFileReference; fileEncoding = 4; lastKnownFileType = text; path = BlankInput.ics; sourceTree = "<group>"; };
		F82161E71A54C2C900886131 /* MoreInput.ics */ = {isa = PBXFileReference; fileEncoding = 4; lastKnownFileType = text; path = MoreInput.ics; sourceTree = "<group>"; };
		F82909B41A1C5ADA0091366E /* EasyInput.ics */ = {isa = PBXFileReference; fileEncoding = 4; lastKnownFileType = text; lineEnding = 2; path = EasyInput.ics; sourceTree = "<group>"; xcLanguageSpecificationIdentifier = "<none>"; };
		F83195B01A2EAE1A00377846 /* Alarm.swift */ = {isa = PBXFileReference; fileEncoding = 4; lastKnownFileType = sourcecode.swift; path = Alarm.swift; sourceTree = "<group>"; };
		F83195B31A2EAE1A00377846 /* en */ = {isa = PBXFileReference; lastKnownFileType = text.plist.strings; name = en; path = en.lproj/Localizable.strings; sourceTree = "<group>"; };
		F83195B41A2EAE1A00377846 /* Attachment.swift */ = {isa = PBXFileReference; fileEncoding = 4; lastKnownFileType = sourcecode.swift; path = Attachment.swift; sourceTree = "<group>"; };
		F83195B51A2EAE1A00377846 /* Calendar.swift */ = {isa = PBXFileReference; fileEncoding = 4; lastKnownFileType = sourcecode.swift; path = Calendar.swift; sourceTree = "<group>"; };
		F83195B61A2EAE1A00377846 /* CalendarObject.swift */ = {isa = PBXFileReference; fileEncoding = 4; lastKnownFileType = sourcecode.swift; path = CalendarObject.swift; sourceTree = "<group>"; };
		F83195B71A2EAE1A00377846 /* CalendarType.swift */ = {isa = PBXFileReference; fileEncoding = 4; lastKnownFileType = sourcecode.swift; path = CalendarType.swift; sourceTree = "<group>"; };
		F83195B81A2EAE1A00377846 /* CalParser.h */ = {isa = PBXFileReference; fileEncoding = 4; lastKnownFileType = sourcecode.c.h; path = CalParser.h; sourceTree = "<group>"; };
		F83195B91A2EAE1A00377846 /* CalParser.m */ = {isa = PBXFileReference; fileEncoding = 4; lastKnownFileType = sourcecode.c.objc; path = CalParser.m; sourceTree = "<group>"; };
		F83195BA1A2EAE1A00377846 /* Extensions.swift */ = {isa = PBXFileReference; fileEncoding = 4; lastKnownFileType = sourcecode.swift; path = Extensions.swift; sourceTree = "<group>"; };
		F83195BB1A2EAE1A00377846 /* iCal.grammar */ = {isa = PBXFileReference; fileEncoding = 4; lastKnownFileType = text; path = iCal.grammar; sourceTree = "<group>"; };
		F83195BC1A2EAE1A00377846 /* iCalendarElements.h */ = {isa = PBXFileReference; fileEncoding = 4; lastKnownFileType = sourcecode.c.h; path = iCalendarElements.h; sourceTree = "<group>"; };
		F83195BD1A2EAE1A00377846 /* iCalendarElements.m */ = {isa = PBXFileReference; fileEncoding = 4; lastKnownFileType = sourcecode.c.objc; path = iCalendarElements.m; sourceTree = "<group>"; };
		F83195BE1A2EAE1A00377846 /* iCalParser.h */ = {isa = PBXFileReference; fileEncoding = 4; lastKnownFileType = sourcecode.c.h; path = iCalParser.h; sourceTree = "<group>"; };
		F83195BF1A2EAE1A00377846 /* iCalParser.m */ = {isa = PBXFileReference; fileEncoding = 4; lastKnownFileType = sourcecode.c.objc; path = iCalParser.m; sourceTree = "<group>"; };
		F83195C01A2EAE1A00377846 /* icalparser.parsergen */ = {isa = PBXFileReference; lastKnownFileType = file.bplist; path = icalparser.parsergen; sourceTree = "<group>"; };
		F83195C21A2EAE1A00377846 /* Info.plist */ = {isa = PBXFileReference; fileEncoding = 4; lastKnownFileType = text.plist.xml; path = Info.plist; sourceTree = "<group>"; };
		F83195C31A2EAE1A00377846 /* MyPlayground.playground */ = {isa = PBXFileReference; lastKnownFileType = file.playground; path = MyPlayground.playground; sourceTree = "<group>"; };
		F83195C41A2EAE1A00377846 /* Serializer.playground */ = {isa = PBXFileReference; lastKnownFileType = file.playground; path = Serializer.playground; sourceTree = "<group>"; };
		F83195C51A2EAE1A00377846 /* libSwiftCal.h */ = {isa = PBXFileReference; fileEncoding = 4; lastKnownFileType = sourcecode.c.h; path = libSwiftCal.h; sourceTree = "<group>"; };
		F83195C61A2EAE1A00377846 /* NSString+CalParser.h */ = {isa = PBXFileReference; fileEncoding = 4; lastKnownFileType = sourcecode.c.h; path = "NSString+CalParser.h"; sourceTree = "<group>"; };
		F83195C71A2EAE1A00377846 /* NSString+CalParser.m */ = {isa = PBXFileReference; fileEncoding = 4; lastKnownFileType = sourcecode.c.objc; path = "NSString+CalParser.m"; sourceTree = "<group>"; };
		F83195C81A2EAE1A00377846 /* Observable.swift */ = {isa = PBXFileReference; fileEncoding = 4; lastKnownFileType = sourcecode.swift; path = Observable.swift; sourceTree = "<group>"; };
		F83195C91A2EAE1A00377846 /* Observer.swift */ = {isa = PBXFileReference; fileEncoding = 4; lastKnownFileType = sourcecode.swift; path = Observer.swift; sourceTree = "<group>"; };
		F83195CA1A2EAE1A00377846 /* Parameter.swift */ = {isa = PBXFileReference; fileEncoding = 4; lastKnownFileType = sourcecode.swift; path = Parameter.swift; sourceTree = "<group>"; };
		F83195CB1A2EAE1A00377846 /* Properties.swift */ = {isa = PBXFileReference; fileEncoding = 4; lastKnownFileType = sourcecode.swift; path = Properties.swift; sourceTree = "<group>"; };
		F83195CC1A2EAE1A00377846 /* RecurrenceDate.swift */ = {isa = PBXFileReference; fileEncoding = 4; lastKnownFileType = sourcecode.swift; path = RecurrenceDate.swift; sourceTree = "<group>"; };
		F83195CD1A2EAE1A00377846 /* Reminder.swift */ = {isa = PBXFileReference; fileEncoding = 4; lastKnownFileType = sourcecode.swift; path = Reminder.swift; sourceTree = "<group>"; };
		F83195CE1A2EAE1A00377846 /* RequestStatus.swift */ = {isa = PBXFileReference; fileEncoding = 4; lastKnownFileType = sourcecode.swift; path = RequestStatus.swift; sourceTree = "<group>"; };
		F83195CF1A2EAE1A00377846 /* Serializable.swift */ = {isa = PBXFileReference; fileEncoding = 4; lastKnownFileType = sourcecode.swift; path = Serializable.swift; sourceTree = "<group>"; };
		F83ACB621A2AD66600423215 /* EasyInput.json */ = {isa = PBXFileReference; fileEncoding = 4; lastKnownFileType = text.json; lineEnding = 0; path = EasyInput.json; sourceTree = "<group>"; xcLanguageSpecificationIdentifier = xcode.lang.javascript; };
		F8497B031A55A87C00AD592B /* AnotherInput.ics */ = {isa = PBXFileReference; fileEncoding = 4; lastKnownFileType = text; path = AnotherInput.ics; sourceTree = "<group>"; };
		F858377A1A509A47003F7CCF /* Constants.swift */ = {isa = PBXFileReference; fileEncoding = 4; lastKnownFileType = sourcecode.swift; path = Constants.swift; sourceTree = "<group>"; };
		F8857CD41A70A0DB000EC9A2 /* RecurInput.ics */ = {isa = PBXFileReference; fileEncoding = 4; lastKnownFileType = text; path = RecurInput.ics; sourceTree = "<group>"; };
		F88C9C651A3E294B00541E31 /* PEGKit.framework */ = {isa = PBXFileReference; lastKnownFileType = wrapper.framework; name = PEGKit.framework; path = "../../../../../../../../Library/Developer/Xcode/DerivedData/MyList-glazucatajuedydloqocpkmuotup/Build/Products/Debug-iphoneos/PEGKit.framework"; sourceTree = "<group>"; };
		F89877871A3BE8A5002F9322 /* JSON.swift */ = {isa = PBXFileReference; fileEncoding = 4; lastKnownFileType = sourcecode.swift; path = JSON.swift; sourceTree = "<group>"; };
		F8F8EAEC1A1C3EEE0046AF23 /* libSwiftCal.framework */ = {isa = PBXFileReference; explicitFileType = wrapper.framework; includeInIndex = 0; path = libSwiftCal.framework; sourceTree = BUILT_PRODUCTS_DIR; };
		F8F8EAF71A1C3EEE0046AF23 /* libSwiftCalTests.xctest */ = {isa = PBXFileReference; explicitFileType = wrapper.cfbundle; includeInIndex = 0; path = libSwiftCalTests.xctest; sourceTree = BUILT_PRODUCTS_DIR; };
		F8F8ECE51A1C3F200046AF23 /* Info.plist */ = {isa = PBXFileReference; fileEncoding = 4; lastKnownFileType = text.plist.xml; path = Info.plist; sourceTree = "<group>"; };
		F8F8ECE61A1C3F200046AF23 /* libSwiftCalTests.swift */ = {isa = PBXFileReference; fileEncoding = 4; lastKnownFileType = sourcecode.swift; lineEnding = 0; path = libSwiftCalTests.swift; sourceTree = "<group>"; xcLanguageSpecificationIdentifier = xcode.lang.swift; };
		F8FC991D1A59A130005B4036 /* LongInput.ics */ = {isa = PBXFileReference; fileEncoding = 4; lastKnownFileType = text; path = LongInput.ics; sourceTree = "<group>"; };
/* End PBXFileReference section */

/* Begin PBXFrameworksBuildPhase section */
		F8F8EAE81A1C3EEE0046AF23 /* Frameworks */ = {
			isa = PBXFrameworksBuildPhase;
			buildActionMask = 2147483647;
			files = (
				F86D9ADD1A45264C00428C68 /* PEGKit.framework in Frameworks */,
			);
			runOnlyForDeploymentPostprocessing = 0;
		};
		F8F8EAF41A1C3EEE0046AF23 /* Frameworks */ = {
			isa = PBXFrameworksBuildPhase;
			buildActionMask = 2147483647;
			files = (
				F8F8EAF81A1C3EEE0046AF23 /* libSwiftCal.framework in Frameworks */,
			);
			runOnlyForDeploymentPostprocessing = 0;
		};
/* End PBXFrameworksBuildPhase section */

/* Begin PBXGroup section */
		F83195AF1A2EAE1A00377846 /* libSwiftCal */ = {
			isa = PBXGroup;
			children = (
				F83195B11A2EAE1A00377846 /* Assets */,
				F83195C11A2EAE1A00377846 /* libSwiftCal */,
				F83195B01A2EAE1A00377846 /* Alarm.swift */,
				F83195B41A2EAE1A00377846 /* Attachment.swift */,
				F83195B51A2EAE1A00377846 /* Calendar.swift */,
				F83195B61A2EAE1A00377846 /* CalendarObject.swift */,
				F83195B71A2EAE1A00377846 /* CalendarType.swift */,
				F83195B81A2EAE1A00377846 /* CalParser.h */,
				F83195B91A2EAE1A00377846 /* CalParser.m */,
				F858377A1A509A47003F7CCF /* Constants.swift */,
				F83195BA1A2EAE1A00377846 /* Extensions.swift */,
				F83195BB1A2EAE1A00377846 /* iCal.grammar */,
				F83195BC1A2EAE1A00377846 /* iCalendarElements.h */,
				F83195BD1A2EAE1A00377846 /* iCalendarElements.m */,
				F83195BE1A2EAE1A00377846 /* iCalParser.h */,
				F83195BF1A2EAE1A00377846 /* iCalParser.m */,
				F83195C01A2EAE1A00377846 /* icalparser.parsergen */,
				F83195C51A2EAE1A00377846 /* libSwiftCal.h */,
				F83195C61A2EAE1A00377846 /* NSString+CalParser.h */,
				F83195C71A2EAE1A00377846 /* NSString+CalParser.m */,
				F83195C81A2EAE1A00377846 /* Observable.swift */,
				F83195C91A2EAE1A00377846 /* Observer.swift */,
				F83195CA1A2EAE1A00377846 /* Parameter.swift */,
				F83195CB1A2EAE1A00377846 /* Properties.swift */,
				F83195CC1A2EAE1A00377846 /* RecurrenceDate.swift */,
				F83195CD1A2EAE1A00377846 /* Reminder.swift */,
				F83195CE1A2EAE1A00377846 /* RequestStatus.swift */,
				F83195CF1A2EAE1A00377846 /* Serializable.swift */,
			);
			path = libSwiftCal;
			sourceTree = "<group>";
		};
		F83195B11A2EAE1A00377846 /* Assets */ = {
			isa = PBXGroup;
			children = (
				F83195B21A2EAE1A00377846 /* Localizable.strings */,
			);
			path = Assets;
			sourceTree = "<group>";
		};
		F83195C11A2EAE1A00377846 /* libSwiftCal */ = {
			isa = PBXGroup;
			children = (
				F83195C21A2EAE1A00377846 /* Info.plist */,
				F83195C31A2EAE1A00377846 /* MyPlayground.playground */,
				F83195C41A2EAE1A00377846 /* Serializer.playground */,
				F89877871A3BE8A5002F9322 /* JSON.swift */,
			);
			path = libSwiftCal;
			sourceTree = "<group>";
		};
		F8F8EAE21A1C3EEE0046AF23 = {
			isa = PBXGroup;
			children = (
				F8F8EB081A1C3F1F0046AF23 /* libs */,
				F83195AF1A2EAE1A00377846 /* libSwiftCal */,
				F8F8ECE41A1C3F200046AF23 /* libSwiftCalTests */,
				F8F8EAED1A1C3EEE0046AF23 /* Products */,
			);
			sourceTree = "<group>";
		};
		F8F8EAED1A1C3EEE0046AF23 /* Products */ = {
			isa = PBXGroup;
			children = (
				F8F8EAEC1A1C3EEE0046AF23 /* libSwiftCal.framework */,
				F8F8EAF71A1C3EEE0046AF23 /* libSwiftCalTests.xctest */,
			);
			name = Products;
			sourceTree = "<group>";
		};
		F8F8EB081A1C3F1F0046AF23 /* libs */ = {
			isa = PBXGroup;
			children = (
				F88C9C651A3E294B00541E31 /* PEGKit.framework */,
			);
			path = libs;
			sourceTree = "<group>";
		};
		F8F8ECE41A1C3F200046AF23 /* libSwiftCalTests */ = {
			isa = PBXGroup;
			children = (
				F8F8ECE51A1C3F200046AF23 /* Info.plist */,
				F8F8ECE61A1C3F200046AF23 /* libSwiftCalTests.swift */,
				F82909B41A1C5ADA0091366E /* EasyInput.ics */,
				F83ACB621A2AD66600423215 /* EasyInput.json */,
				F81A89131A36AA10000F5A34 /* SimpleInput.ics */,
				F82161E51A54A91800886131 /* BlankInput.ics */,
				F82161E71A54C2C900886131 /* MoreInput.ics */,
				F8497B031A55A87C00AD592B /* AnotherInput.ics */,
				F8FC991D1A59A130005B4036 /* LongInput.ics */,
				F821037A1A6AF3D10097BBFA /* LargeInput.ics */,
				F8857CD41A70A0DB000EC9A2 /* RecurInput.ics */,
			);
			path = libSwiftCalTests;
			sourceTree = "<group>";
		};
/* End PBXGroup section */

/* Begin PBXHeadersBuildPhase section */
		F8F8EAE91A1C3EEE0046AF23 /* Headers */ = {
			isa = PBXHeadersBuildPhase;
			buildActionMask = 2147483647;
			files = (
				F83195D61A2EAE1A00377846 /* CalParser.h in Headers */,
				F83195DA1A2EAE1A00377846 /* iCalendarElements.h in Headers */,
				F83195DC1A2EAE1A00377846 /* iCalParser.h in Headers */,
				F83195E01A2EAE1A00377846 /* libSwiftCal.h in Headers */,
				F83195E11A2EAE1A00377846 /* NSString+CalParser.h in Headers */,
			);
			runOnlyForDeploymentPostprocessing = 0;
		};
/* End PBXHeadersBuildPhase section */

/* Begin PBXNativeTarget section */
		F8F8EAEB1A1C3EEE0046AF23 /* libSwiftCal */ = {
			isa = PBXNativeTarget;
			buildConfigurationList = F8F8EB021A1C3EEE0046AF23 /* Build configuration list for PBXNativeTarget "libSwiftCal" */;
			buildPhases = (
				F8F8EAE71A1C3EEE0046AF23 /* Sources */,
				F8F8EAE81A1C3EEE0046AF23 /* Frameworks */,
				F8F8EAE91A1C3EEE0046AF23 /* Headers */,
				F8F8EAEA1A1C3EEE0046AF23 /* Resources */,
				F8F8EED61A1C4DD90046AF23 /* CopyFiles */,
			);
			buildRules = (
			);
			dependencies = (
			);
			name = libSwiftCal;
			productName = libSwiftCal;
			productReference = F8F8EAEC1A1C3EEE0046AF23 /* libSwiftCal.framework */;
			productType = "com.apple.product-type.framework";
		};
		F8F8EAF61A1C3EEE0046AF23 /* libSwiftCalTests */ = {
			isa = PBXNativeTarget;
			buildConfigurationList = F8F8EB051A1C3EEE0046AF23 /* Build configuration list for PBXNativeTarget "libSwiftCalTests" */;
			buildPhases = (
				F8F8EAF31A1C3EEE0046AF23 /* Sources */,
				F8F8EAF41A1C3EEE0046AF23 /* Frameworks */,
				F8F8EAF51A1C3EEE0046AF23 /* Resources */,
			);
			buildRules = (
			);
			dependencies = (
				F8F8EAFA1A1C3EEE0046AF23 /* PBXTargetDependency */,
			);
			name = libSwiftCalTests;
			productName = libSwiftCalTests;
			productReference = F8F8EAF71A1C3EEE0046AF23 /* libSwiftCalTests.xctest */;
			productType = "com.apple.product-type.bundle.unit-test";
		};
/* End PBXNativeTarget section */

/* Begin PBXProject section */
		F8F8EAE31A1C3EEE0046AF23 /* Project object */ = {
			isa = PBXProject;
			attributes = {
				LastUpgradeCheck = 0610;
				ORGANIZATIONNAME = "Stefan Arambasich";
				TargetAttributes = {
					F8F8EAEB1A1C3EEE0046AF23 = {
						CreatedOnToolsVersion = 6.1;
					};
					F8F8EAF61A1C3EEE0046AF23 = {
						CreatedOnToolsVersion = 6.1;
					};
				};
			};
			buildConfigurationList = F8F8EAE61A1C3EEE0046AF23 /* Build configuration list for PBXProject "libSwiftCal" */;
			compatibilityVersion = "Xcode 3.2";
			developmentRegion = English;
			hasScannedForEncodings = 0;
			knownRegions = (
				en,
			);
			mainGroup = F8F8EAE21A1C3EEE0046AF23;
			productRefGroup = F8F8EAED1A1C3EEE0046AF23 /* Products */;
			projectDirPath = "";
			projectRoot = "";
			targets = (
				F8F8EAEB1A1C3EEE0046AF23 /* libSwiftCal */,
				F8F8EAF61A1C3EEE0046AF23 /* libSwiftCalTests */,
			);
		};
/* End PBXProject section */

/* Begin PBXResourcesBuildPhase section */
		F8F8EAEA1A1C3EEE0046AF23 /* Resources */ = {
			isa = PBXResourcesBuildPhase;
			buildActionMask = 2147483647;
			files = (
				F83195D11A2EAE1A00377846 /* Localizable.strings in Resources */,
				F83195D91A2EAE1A00377846 /* iCal.grammar in Resources */,
			);
			runOnlyForDeploymentPostprocessing = 0;
		};
		F8F8EAF51A1C3EEE0046AF23 /* Resources */ = {
			isa = PBXResourcesBuildPhase;
			buildActionMask = 2147483647;
			files = (
				F8497B041A55A87C00AD592B /* AnotherInput.ics in Resources */,
				F83ACB631A2AD66600423215 /* EasyInput.json in Resources */,
				F81A89141A36AA10000F5A34 /* SimpleInput.ics in Resources */,
				F8FC991E1A59A130005B4036 /* LongInput.ics in Resources */,
				F8857CD51A70A0DB000EC9A2 /* RecurInput.ics in Resources */,
				F82909B51A1C5ADA0091366E /* EasyInput.ics in Resources */,
				F82161E81A54C2C900886131 /* MoreInput.ics in Resources */,
				F821037B1A6AF3D10097BBFA /* LargeInput.ics in Resources */,
				F82161E61A54A91800886131 /* BlankInput.ics in Resources */,
			);
			runOnlyForDeploymentPostprocessing = 0;
		};
/* End PBXResourcesBuildPhase section */

/* Begin PBXSourcesBuildPhase section */
		F8F8EAE71A1C3EEE0046AF23 /* Sources */ = {
			isa = PBXSourcesBuildPhase;
			buildActionMask = 2147483647;
			files = (
				F83195E31A2EAE1A00377846 /* Observable.swift in Sources */,
				F83195E41A2EAE1A00377846 /* Observer.swift in Sources */,
				F83195D41A2EAE1A00377846 /* CalendarObject.swift in Sources */,
				F83195D71A2EAE1A00377846 /* CalParser.m in Sources */,
				F83195D21A2EAE1A00377846 /* Attachment.swift in Sources */,
				F83195E71A2EAE1A00377846 /* RecurrenceDate.swift in Sources */,
				F83195DD1A2EAE1A00377846 /* iCalParser.m in Sources */,
				F83195E61A2EAE1A00377846 /* Properties.swift in Sources */,
				F89877881A3BE8A5002F9322 /* JSON.swift in Sources */,
				F83195E51A2EAE1A00377846 /* Parameter.swift in Sources */,
				F83195D31A2EAE1A00377846 /* Calendar.swift in Sources */,
				F83195D01A2EAE1A00377846 /* Alarm.swift in Sources */,
				F83195D51A2EAE1A00377846 /* CalendarType.swift in Sources */,
				F83195EA1A2EAE1A00377846 /* Serializable.swift in Sources */,
				F83195DB1A2EAE1A00377846 /* iCalendarElements.m in Sources */,
				F858377B1A509A47003F7CCF /* Constants.swift in Sources */,
				F83195D81A2EAE1A00377846 /* Extensions.swift in Sources */,
				F83195E21A2EAE1A00377846 /* NSString+CalParser.m in Sources */,
				F83195E91A2EAE1A00377846 /* RequestStatus.swift in Sources */,
				F83195E81A2EAE1A00377846 /* Reminder.swift in Sources */,
			);
			runOnlyForDeploymentPostprocessing = 0;
		};
		F8F8EAF31A1C3EEE0046AF23 /* Sources */ = {
			isa = PBXSourcesBuildPhase;
			buildActionMask = 2147483647;
			files = (
				F8F8EED51A1C4CF30046AF23 /* libSwiftCalTests.swift in Sources */,
			);
			runOnlyForDeploymentPostprocessing = 0;
		};
/* End PBXSourcesBuildPhase section */

/* Begin PBXTargetDependency section */
		F8F8EAFA1A1C3EEE0046AF23 /* PBXTargetDependency */ = {
			isa = PBXTargetDependency;
			target = F8F8EAEB1A1C3EEE0046AF23 /* libSwiftCal */;
			targetProxy = F8F8EAF91A1C3EEE0046AF23 /* PBXContainerItemProxy */;
		};
/* End PBXTargetDependency section */

/* Begin PBXVariantGroup section */
		F83195B21A2EAE1A00377846 /* Localizable.strings */ = {
			isa = PBXVariantGroup;
			children = (
				F83195B31A2EAE1A00377846 /* en */,
			);
			name = Localizable.strings;
			sourceTree = "<group>";
		};
/* End PBXVariantGroup section */

/* Begin XCBuildConfiguration section */
		F8F8EB001A1C3EEE0046AF23 /* Debug */ = {
			isa = XCBuildConfiguration;
			buildSettings = {
				ALWAYS_SEARCH_USER_PATHS = NO;
				CLANG_CXX_LANGUAGE_STANDARD = "gnu++0x";
				CLANG_CXX_LIBRARY = "libc++";
				CLANG_ENABLE_MODULES = YES;
				CLANG_ENABLE_OBJC_ARC = YES;
				CLANG_WARN_BOOL_CONVERSION = YES;
				CLANG_WARN_CONSTANT_CONVERSION = YES;
				CLANG_WARN_DIRECT_OBJC_ISA_USAGE = YES_ERROR;
				CLANG_WARN_EMPTY_BODY = YES;
				CLANG_WARN_ENUM_CONVERSION = YES;
				CLANG_WARN_INT_CONVERSION = YES;
				CLANG_WARN_OBJC_ROOT_CLASS = YES_ERROR;
				CLANG_WARN_UNREACHABLE_CODE = YES;
				CLANG_WARN__DUPLICATE_METHOD_MATCH = YES;
				CODE_SIGN_IDENTITY = "iPhone Developer";
				"CODE_SIGN_IDENTITY[sdk=iphoneos*]" = "iPhone Developer";
				COPY_PHASE_STRIP = NO;
				CURRENT_PROJECT_VERSION = 1;
				ENABLE_STRICT_OBJC_MSGSEND = YES;
				GCC_C_LANGUAGE_STANDARD = gnu99;
				GCC_DYNAMIC_NO_PIC = NO;
				GCC_OPTIMIZATION_LEVEL = 0;
				GCC_PREPROCESSOR_DEFINITIONS = (
					"DEBUG=1",
					"$(inherited)",
				);
				GCC_SYMBOLS_PRIVATE_EXTERN = NO;
				GCC_WARN_64_TO_32_BIT_CONVERSION = YES;
				GCC_WARN_ABOUT_RETURN_TYPE = YES_ERROR;
				GCC_WARN_UNDECLARED_SELECTOR = YES;
				GCC_WARN_UNINITIALIZED_AUTOS = YES_AGGRESSIVE;
				GCC_WARN_UNUSED_FUNCTION = YES;
				GCC_WARN_UNUSED_VARIABLE = YES;
				IPHONEOS_DEPLOYMENT_TARGET = 8.1;
				MTL_ENABLE_DEBUG_INFO = YES;
				ONLY_ACTIVE_ARCH = YES;
				SDKROOT = iphoneos;
				SWIFT_OPTIMIZATION_LEVEL = "-Onone";
				TARGETED_DEVICE_FAMILY = "1,2";
				VERSIONING_SYSTEM = "apple-generic";
				VERSION_INFO_PREFIX = "";
			};
			name = Debug;
		};
		F8F8EB011A1C3EEE0046AF23 /* Release */ = {
			isa = XCBuildConfiguration;
			buildSettings = {
				ALWAYS_SEARCH_USER_PATHS = NO;
				CLANG_CXX_LANGUAGE_STANDARD = "gnu++0x";
				CLANG_CXX_LIBRARY = "libc++";
				CLANG_ENABLE_MODULES = YES;
				CLANG_ENABLE_OBJC_ARC = YES;
				CLANG_WARN_BOOL_CONVERSION = YES;
				CLANG_WARN_CONSTANT_CONVERSION = YES;
				CLANG_WARN_DIRECT_OBJC_ISA_USAGE = YES_ERROR;
				CLANG_WARN_EMPTY_BODY = YES;
				CLANG_WARN_ENUM_CONVERSION = YES;
				CLANG_WARN_INT_CONVERSION = YES;
				CLANG_WARN_OBJC_ROOT_CLASS = YES_ERROR;
				CLANG_WARN_UNREACHABLE_CODE = YES;
				CLANG_WARN__DUPLICATE_METHOD_MATCH = YES;
				CODE_SIGN_IDENTITY = "iPhone Distribution";
				"CODE_SIGN_IDENTITY[sdk=iphoneos*]" = "iPhone Distribution";
				COPY_PHASE_STRIP = YES;
				CURRENT_PROJECT_VERSION = 1;
				ENABLE_NS_ASSERTIONS = NO;
				ENABLE_STRICT_OBJC_MSGSEND = YES;
				GCC_C_LANGUAGE_STANDARD = gnu99;
				GCC_WARN_64_TO_32_BIT_CONVERSION = YES;
				GCC_WARN_ABOUT_RETURN_TYPE = YES_ERROR;
				GCC_WARN_UNDECLARED_SELECTOR = YES;
				GCC_WARN_UNINITIALIZED_AUTOS = YES_AGGRESSIVE;
				GCC_WARN_UNUSED_FUNCTION = YES;
				GCC_WARN_UNUSED_VARIABLE = YES;
				IPHONEOS_DEPLOYMENT_TARGET = 8.1;
				MTL_ENABLE_DEBUG_INFO = NO;
				SDKROOT = iphoneos;
				TARGETED_DEVICE_FAMILY = "1,2";
				VALIDATE_PRODUCT = YES;
				VERSIONING_SYSTEM = "apple-generic";
				VERSION_INFO_PREFIX = "";
			};
			name = Release;
		};
		F8F8EB031A1C3EEE0046AF23 /* Debug */ = {
			isa = XCBuildConfiguration;
			buildSettings = {
				DEFINES_MODULE = YES;
				DYLIB_COMPATIBILITY_VERSION = 1;
				DYLIB_CURRENT_VERSION = 1;
				DYLIB_INSTALL_NAME_BASE = "@rpath";
				FRAMEWORK_SEARCH_PATHS = (
					"$(SDKROOT)/Developer/Library/Frameworks",
					"$(inherited)",
					"$(DEVELOPER_FRAMEWORKS_DIR)",
					"$(USER_LIBRARY_DIR)/Developer/Xcode/DerivedData/MyList-glazucatajuedydloqocpkmuotup/Build/Products/Debug-iphoneos",
				);
				HEADER_SEARCH_PATHS = (
					"$(inherited)",
					"$(PROJECT_DIR)/libSwiftCal",
					"$(PROJECT_DIR)/libs/**",
				);
				INFOPLIST_FILE = "$(SRCROOT)/libSwiftCal/libSwiftCal/Info.plist";
				INSTALL_PATH = "$(LOCAL_LIBRARY_DIR)/Frameworks";
				IPHONEOS_DEPLOYMENT_TARGET = 8.0;
				LD_RUNPATH_SEARCH_PATHS = "$(inherited) @executable_path/Frameworks @loader_path/Frameworks";
				PRODUCT_NAME = "$(TARGET_NAME)";
				SKIP_INSTALL = YES;
				SWIFT_INSTALL_OBJC_HEADER = NO;
				SWIFT_OBJC_BRIDGING_HEADER = "";
				VALID_ARCHS = "arm64 armv7s armv7";
			};
			name = Debug;
		};
		F8F8EB041A1C3EEE0046AF23 /* Release */ = {
			isa = XCBuildConfiguration;
			buildSettings = {
				DEFINES_MODULE = YES;
				DYLIB_COMPATIBILITY_VERSION = 1;
				DYLIB_CURRENT_VERSION = 1;
				DYLIB_INSTALL_NAME_BASE = "@rpath";
				FRAMEWORK_SEARCH_PATHS = (
					"$(SDKROOT)/Developer/Library/Frameworks",
					"$(inherited)",
					"$(DEVELOPER_FRAMEWORKS_DIR)",
					"$(USER_LIBRARY_DIR)/Developer/Xcode/DerivedData/MyList-glazucatajuedydloqocpkmuotup/Build/Products/Debug-iphoneos",
				);
				HEADER_SEARCH_PATHS = (
					"$(inherited)",
					"$(PROJECT_DIR)/libSwiftCal",
					"$(PROJECT_DIR)/libs/**",
				);
				INFOPLIST_FILE = "$(SRCROOT)/libSwiftCal/libSwiftCal/Info.plist";
				INSTALL_PATH = "$(LOCAL_LIBRARY_DIR)/Frameworks";
				IPHONEOS_DEPLOYMENT_TARGET = 8.0;
				LD_RUNPATH_SEARCH_PATHS = "$(inherited) @executable_path/Frameworks @loader_path/Frameworks";
				PRODUCT_NAME = "$(TARGET_NAME)";
				SKIP_INSTALL = YES;
				SWIFT_INSTALL_OBJC_HEADER = NO;
				SWIFT_OBJC_BRIDGING_HEADER = "";
				VALID_ARCHS = "arm64 armv7s armv7";
			};
			name = Release;
		};
		F8F8EB061A1C3EEE0046AF23 /* Debug */ = {
			isa = XCBuildConfiguration;
			buildSettings = {
				FRAMEWORK_SEARCH_PATHS = (
					"$(SDKROOT)/Developer/Library/Frameworks",
					"$(inherited)",
				);
				GCC_PREPROCESSOR_DEFINITIONS = (
					"DEBUG=1",
					"$(inherited)",
				);
				INFOPLIST_FILE = libSwiftCalTests/Info.plist;
				LD_RUNPATH_SEARCH_PATHS = "$(inherited) @executable_path/Frameworks @loader_path/Frameworks";
				PRODUCT_NAME = "$(TARGET_NAME)";
			};
			name = Debug;
		};
		F8F8EB071A1C3EEE0046AF23 /* Release */ = {
			isa = XCBuildConfiguration;
			buildSettings = {
				FRAMEWORK_SEARCH_PATHS = (
					"$(SDKROOT)/Developer/Library/Frameworks",
					"$(inherited)",
				);
				INFOPLIST_FILE = libSwiftCalTests/Info.plist;
				LD_RUNPATH_SEARCH_PATHS = "$(inherited) @executable_path/Frameworks @loader_path/Frameworks";
				PRODUCT_NAME = "$(TARGET_NAME)";
			};
			name = Release;
		};
/* End XCBuildConfiguration section */

/* Begin XCConfigurationList section */
		F8F8EAE61A1C3EEE0046AF23 /* Build configuration list for PBXProject "libSwiftCal" */ = {
			isa = XCConfigurationList;
			buildConfigurations = (
				F8F8EB001A1C3EEE0046AF23 /* Debug */,
				F8F8EB011A1C3EEE0046AF23 /* Release */,
			);
			defaultConfigurationIsVisible = 0;
			defaultConfigurationName = Release;
		};
		F8F8EB021A1C3EEE0046AF23 /* Build configuration list for PBXNativeTarget "libSwiftCal" */ = {
			isa = XCConfigurationList;
			buildConfigurations = (
				F8F8EB031A1C3EEE0046AF23 /* Debug */,
				F8F8EB041A1C3EEE0046AF23 /* Release */,
			);
			defaultConfigurationIsVisible = 0;
			defaultConfigurationName = Release;
		};
		F8F8EB051A1C3EEE0046AF23 /* Build configuration list for PBXNativeTarget "libSwiftCalTests" */ = {
			isa = XCConfigurationList;
			buildConfigurations = (
				F8F8EB061A1C3EEE0046AF23 /* Debug */,
				F8F8EB071A1C3EEE0046AF23 /* Release */,
			);
			defaultConfigurationIsVisible = 0;
			defaultConfigurationName = Release;
		};
/* End XCConfigurationList section */
	};
	rootObject = F8F8EAE31A1C3EEE0046AF23 /* Project object */;
}
